{
  "name": "techdegree-project-04",
  "version": "1.0.0",
  "lockfileVersion": 1,
  "requires": true,
  "dependencies": {
    "@openfonts/open-sans-condensed_all": {
      "version": "1.44.1",
      "resolved": "https://registry.npmjs.org/@openfonts/open-sans-condensed_all/-/open-sans-condensed_all-1.44.1.tgz",
      "integrity": "sha512-2+iykRwtOrj8Y95xsOZOezMyNCrc3T2HZLXX+qWXb+glgWhno56CBbGly8f0pUpcHRwzi5mcO/fI4uD+pzGxvQ=="
    },
    "jquery": {
      "version": "3.5.1",
      "resolved": "https://registry.npmjs.org/jquery/-/jquery-3.5.1.tgz",
      "integrity": "sha512-XwIBPqcMn57FxfT+Go5pzySnm4KWkT1Tv7gjrpT1srtf8Weynl6R273VJ5GjkRb51IzMp5nbaPjJXMWeju2MKg=="
    },
    "lightbox2": {
      "version": "2.11.2",
      "resolved": "https://registry.npmjs.org/lightbox2/-/lightbox2-2.11.2.tgz",
      "integrity": "sha512-37JAjNKn891EicBcfTsRf3WTw2i+UIKFLZy3RY1q2TG0wy19UuuZKRWSLm5S0prVjWcnc2ng56HZRcvgam5NIg=="
    },
    "normalize.css": {
      "version": "8.0.1",
      "resolved": "https://registry.npmjs.org/normalize.css/-/normalize.css-8.0.1.tgz",
      "integrity": "sha512-qizSNPO93t1YUuUhP22btGOo3chcvDFqFaj2TRybP0DMxkHOCTYwp3n34fel4a31ORXy4m1Xq0Gyqpb5m33qIg=="
    }
  }
}
